
Microsoft Visual Studio Solution File, Format Version 12.00
# Visual Studio Version 17
VisualStudioVersion = 17.14.36221.1
MinimumVisualStudioVersion = 10.0.40219.1
Project("{FAE04EC0-301F-11D3-BF4B-00C04F79EFBC}") = "OfficeAppOpenXml.Core", "OfficeAppOpenXml.Core\OfficeAppOpenXml.Core.csproj", "{B52FD6CC-F57A-4093-A430-7044276912C8}"
EndProject
Project("{FAE04EC0-301F-11D3-BF4B-00C04F79EFBC}") = "OfficeAppOpenXml.Mvc", "OfficeAppOpenXml.Mvc\OfficeAppOpenXml.Mvc.csproj", "{E9899E3B-A401-499D-A441-8170B4BC3158}"
EndProject
Project("{FAE04EC0-301F-11D3-BF4B-00C04F79EFBC}") = "OfficeAppOpenXmlLibrary", "OfficeAppOpenXmlLibrary\OfficeAppOpenXmlLibrary.csproj", "{DAD13EA6-76F4-404D-867F-EBFCDF840E4E}"
EndProject
Global
	GlobalSection(SolutionConfigurationPlatforms) = preSolution
		Debug|Any CPU = Debug|Any CPU
		Release|Any CPU = Release|Any CPU
	EndGlobalSection
	GlobalSection(ProjectConfigurationPlatforms) = postSolution
		{B52FD6CC-F57A-4093-A430-7044276912C8}.Debug|Any CPU.ActiveCfg = Debug|Any CPU
		{B52FD6CC-F57A-4093-A430-7044276912C8}.Debug|Any CPU.Build.0 = Debug|Any CPU
		{B52FD6CC-F57A-4093-A430-7044276912C8}.Release|Any CPU.ActiveCfg = Release|Any CPU
		{B52FD6CC-F57A-4093-A430-7044276912C8}.Release|Any CPU.Build.0 = Release|Any CPU
		{E9899E3B-A401-499D-A441-8170B4BC3158}.Debug|Any CPU.ActiveCfg = Debug|Any CPU
		{E9899E3B-A401-499D-A441-8170B4BC3158}.Debug|Any CPU.Build.0 = Debug|Any CPU
		{E9899E3B-A401-499D-A441-8170B4BC3158}.Release|Any CPU.ActiveCfg = Release|Any CPU
		{E9899E3B-A401-499D-A441-8170B4BC3158}.Release|Any CPU.Build.0 = Release|Any CPU
		{DAD13EA6-76F4-404D-867F-EBFCDF840E4E}.Debug|Any CPU.ActiveCfg = Debug|Any CPU
		{DAD13EA6-76F4-404D-867F-EBFCDF840E4E}.Debug|Any CPU.Build.0 = Debug|Any CPU
		{DAD13EA6-76F4-404D-867F-EBFCDF840E4E}.Release|Any CPU.ActiveCfg = Release|Any CPU
		{DAD13EA6-76F4-404D-867F-EBFCDF840E4E}.Release|Any CPU.Build.0 = Release|Any CPU
	EndGlobalSection
	GlobalSection(SolutionProperties) = preSolution
		HideSolutionNode = FALSE
	EndGlobalSection
	GlobalSection(ExtensibilityGlobals) = postSolution
		SolutionGuid = {8BDB5402-C4C4-47A2-B452-6573B136C45F}
	EndGlobalSection
EndGlobal
